github.com/TheTitanrain/w32 v0.0.0-20180517000239-4f5cfb03fabf h1:FPsprx82rdrX2jiKyS17BH6IrTmUBYqZa/CXT4uvb+I=
github.com/TheTitanrain/w32 v0.0.0-20180517000239-4f5cfb03fabf/go.mod h1:peYoMncQljjNS6tZwI9WVyQB3qZS6u79/N3mBOcnd3I=
github.com/fsnotify/fsnotify v1.5.1 h1:mZcQUHVQUQWoPXXtuf9yuEXKudkV2sx1E06UadKWpgI=
github.com/fsnotify/fsnotify v1.5.1/go.mod h1:T3375wBYaZdLLcVNkcVbzGHY7f1l/uK5T5Ai1i3InKU=
github.com/sqweek/dialog v0.0.0-20211002065838-9a201b55ab91 h1:Ap4SC7+bIAFzh81vREQSElqYUtuxPgknVl1ol5rOf9w=
github.com/sqweek/dialog v0.0.0-20211002065838-9a201b55ab91/go.mod h1:/qNPSY91qTz/8TgHEMioAUc6q7+3SOybeKczHMXFcXw=
github.com/zserge/lorca v0.1.10 h1:f/xBJ3D3ipcVRCcvN8XqZnpoKcOXV8I4vwqlFyw7ruc=
github.com/zserge/lorca v0.1.10/go.mod h1:bVmnIbIRlOcoV285KIRSe4bUABKi7R7384Ycuum6e4A=
golang.org/x/crypto v0.0.0-20190308221718-c2843e01d9a2/go.mod h1:djNgcEr1/C05ACkg1iLfiJU5Ep61QUkGW8qpdssI0+w=
golang.org/x/net v0.0.0-20200222125558-5a598a2470a0 h1:MsuvTghUPjX762sGLnGsxC3HM0B5r83wEtYcYR8/vRs=
golang.org/x/net v0.0.0-20200222125558-5a598a2470a0/go.mod h1:z5CRVTTTmAJ677TzLLGU+0bjPO0LkuOLi4/5GtJWs/s=
golang.org/x/sys v0.0.0-20190215142949-d0b11bdaac8a/go.mod h1:STP8DvDyc/dI5b8T5hshtkjS+E42TnysNCUPdjciGhY=
golang.org/x/sys v0.0.0-20210630005230-0f9fa26af87c h1:F1jZWGFhYfh0Ci55sIpILtKKK8p3i2/krTr0H1rg74I=
golang.org/x/sys v0.0.0-20210630005230-0f9fa26af87c/go.mod h1:oPkhp1MJrh7nUepCBck5+mAzfO9JrbApNNgaTdGDITg=
golang.org/x/text v0.3.0/go.mod h1:NqM8EUOU14njkJ3fqMW+pc6Ldnwhi/IjpwHt7yyuwOQ=
